PODS:
  - boost-for-react-native (1.63.0)
  - BVLinearGradient (2.4.2):
    - React
  - Crashlytics (3.11.0):
    - Fabric (~> 1.8.0)
  - DoubleConversion (1.1.6)
  - Fabric (1.8.0)
  - Folly (2016.10.31.00):
    - boost-for-react-native
    - DoubleConversion
    - glog
  - glog (0.3.5)
  - Google-Maps-iOS-Utils (2.1.0):
    - Google-Maps-iOS-Utils/Clustering (= 2.1.0)
    - Google-Maps-iOS-Utils/Geometry (= 2.1.0)
    - Google-Maps-iOS-Utils/Heatmap (= 2.1.0)
    - Google-Maps-iOS-Utils/QuadTree (= 2.1.0)
    - GoogleMaps
  - Google-Maps-iOS-Utils/Clustering (2.1.0):
    - Google-Maps-iOS-Utils/QuadTree
    - GoogleMaps
  - Google-Maps-iOS-Utils/Geometry (2.1.0):
    - GoogleMaps
  - Google-Maps-iOS-Utils/Heatmap (2.1.0):
    - Google-Maps-iOS-Utils/QuadTree
    - GoogleMaps
  - Google-Maps-iOS-Utils/QuadTree (2.1.0):
    - GoogleMaps
  - GoogleMaps (2.5.0):
    - GoogleMaps/Maps (= 2.5.0)
  - GoogleMaps/Base (2.5.0)
  - GoogleMaps/Maps (2.5.0):
    - GoogleMaps/Base
  - lottie-ios (2.5.0)
  - lottie-react-native (2.5.9):
    - lottie-ios
    - React
  - React (0.57.3):
    - React/Core (= 0.57.3)
  - react-native-blur (0.8.0):
    - React
  - react-native-camera (1.3.0):
    - React
    - react-native-camera/RCT (= 1.3.0)
    - react-native-camera/RN (= 1.3.0)
  - react-native-camera/RCT (1.3.0):
    - React
  - react-native-camera/RN (1.3.0):
    - React
  - react-native-google-maps (0.22.0):
    - Google-Maps-iOS-Utils (= 2.1.0)
    - GoogleMaps (= 2.5.0)
    - React
  - react-native-image-picker (0.14.3):
    - React
  - react-native-image-resizer (1.0.0):
    - React
  - react-native-maps (0.22.0):
    - React
  - react-native-splash-screen (3.1.1):
    - React
  - React/Core (0.57.3):
    - yoga (= 0.57.3.React)
  - React/CxxBridge (0.57.3):
    - Folly (= 2016.10.31.00)
    - React/Core
    - React/cxxreact
  - React/cxxreact (0.57.3):
    - boost-for-react-native (= 1.63.0)
    - Folly (= 2016.10.31.00)
    - React/jschelpers
    - React/jsinspector
  - React/DevSupport (0.57.3):
    - React/Core
    - React/RCTWebSocket
  - React/fishhook (0.57.3)
  - React/jschelpers (0.57.3):
    - Folly (= 2016.10.31.00)
    - React/PrivateDatabase
  - React/jsinspector (0.57.3)
  - React/PrivateDatabase (0.57.3)
  - React/RCTActionSheet (0.57.3):
    - React/Core
  - React/RCTAnimation (0.57.3):
    - React/Core
  - React/RCTBlob (0.57.3):
    - React/Core
  - React/RCTGeolocation (0.57.3):
    - React/Core
  - React/RCTImage (0.57.3):
    - React/Core
    - React/RCTNetwork
  - React/RCTLinkingIOS (0.57.3):
    - React/Core
  - React/RCTNetwork (0.57.3):
    - React/Core
  - React/RCTSettings (0.57.3):
    - React/Core
  - React/RCTText (0.57.3):
    - React/Core
  - React/RCTVibration (0.57.3):
    - React/Core
  - React/RCTWebSocket (0.57.3):
    - React/Core
    - React/fishhook
    - React/RCTBlob
  - ReactNativeFabric (0.5.2):
    - Crashlytics
    - Fabric
    - React
  - ReactNativePermissions (1.1.1):
    - React
  - RNFS (2.12.0):
    - React
  - RNI18n (2.0.15):
    - React
  - RNVectorIcons (6.0.2):
    - React
  - yoga (0.57.3.React)

DEPENDENCIES:
  - BVLinearGradient (from `../node_modules/react-native-linear-gradient`)
  - Crashlytics
  - DoubleConversion (from `../node_modules/react-native/third-party-podspecs/DoubleConversion.podspec`)
  - Fabric
  - Folly (from `../node_modules/react-native/third-party-podspecs/Folly.podspec`)
  - glog (from `../node_modules/react-native/third-party-podspecs/glog.podspec`)
  - Google-Maps-iOS-Utils
  - GoogleMaps
  - lottie-ios (from `../node_modules/lottie-ios`)
  - lottie-react-native (from `../node_modules/lottie-react-native`)
  - react-native-blur (from `../node_modules/react-native-blur`)
  - react-native-camera (from `../node_modules/react-native-camera`)
  - react-native-google-maps (from `../node_modules/react-native-maps`)
  - react-native-image-picker (from `../node_modules/react-native-image-picker`)
  - react-native-image-resizer (from `../node_modules/react-native-image-resizer`)
  - react-native-maps (from `../node_modules/react-native-maps`)
  - react-native-splash-screen (from `../node_modules/react-native-splash-screen`)
  - React/Core (from `../node_modules/react-native`)
  - React/CxxBridge (from `../node_modules/react-native`)
  - React/DevSupport (from `../node_modules/react-native`)
  - React/RCTActionSheet (from `../node_modules/react-native`)
  - React/RCTAnimation (from `../node_modules/react-native`)
  - React/RCTGeolocation (from `../node_modules/react-native`)
  - React/RCTImage (from `../node_modules/react-native`)
  - React/RCTLinkingIOS (from `../node_modules/react-native`)
  - React/RCTNetwork (from `../node_modules/react-native`)
  - React/RCTSettings (from `../node_modules/react-native`)
  - React/RCTText (from `../node_modules/react-native`)
  - React/RCTVibration (from `../node_modules/react-native`)
  - React/RCTWebSocket (from `../node_modules/react-native`)
  - ReactNativeFabric (from `../node_modules/react-native-fabric`)
  - ReactNativePermissions (from `../node_modules/react-native-permissions`)
  - RNFS (from `../node_modules/react-native-fs`)
  - RNI18n (from `../node_modules/react-native-i18n`)
  - RNVectorIcons (from `../node_modules/react-native-vector-icons`)
  - yoga (from `../node_modules/react-native/ReactCommon/yoga/yoga.podspec`)

SPEC REPOS:
  https://github.com/cocoapods/specs.git:
    - boost-for-react-native
    - Crashlytics
    - Fabric
    - Google-Maps-iOS-Utils
    - GoogleMaps

EXTERNAL SOURCES:
  BVLinearGradient:
    :path: "../node_modules/react-native-linear-gradient"
  DoubleConversion:
    :podspec: "../node_modules/react-native/third-party-podspecs/DoubleConversion.podspec"
  Folly:
    :podspec: "../node_modules/react-native/third-party-podspecs/Folly.podspec"
  glog:
    :podspec: "../node_modules/react-native/third-party-podspecs/glog.podspec"
  lottie-ios:
    :path: "../node_modules/lottie-ios"
  lottie-react-native:
    :path: "../node_modules/lottie-react-native"
  React:
    :path: "../node_modules/react-native"
  react-native-blur:
    :path: "../node_modules/react-native-blur"
  react-native-camera:
    :path: "../node_modules/react-native-camera"
  react-native-google-maps:
    :path: "../node_modules/react-native-maps"
  react-native-image-picker:
    :path: "../node_modules/react-native-image-picker"
  react-native-image-resizer:
    :path: "../node_modules/react-native-image-resizer"
  react-native-maps:
    :path: "../node_modules/react-native-maps"
  react-native-splash-screen:
    :path: "../node_modules/react-native-splash-screen"
  ReactNativeFabric:
    :path: "../node_modules/react-native-fabric"
  ReactNativePermissions:
    :path: "../node_modules/react-native-permissions"
  RNFS:
    :path: "../node_modules/react-native-fs"
  RNI18n:
    :path: "../node_modules/react-native-i18n"
  RNVectorIcons:
    :path: "../node_modules/react-native-vector-icons"
  yoga:
    :path: "../node_modules/react-native/ReactCommon/yoga/yoga.podspec"

SPEC CHECKSUMS:
  boost-for-react-native: 39c7adb57c4e60d6c5479dd8623128eb5b3f0f2c
  BVLinearGradient: 6d8909e3fc6b089defa4b89d967441fa6827a2ee
  Crashlytics: 1448070c1d2731ab71ea7c3faf84ac0f69657287
  DoubleConversion: bb338842f62ab1d708ceb63ec3d999f0f3d98ecd
  Fabric: 4ac1cdfef3004ccd83ce0959b91eda8a6e37df72
  Folly: c89ac2d5c6ab169cd7397ef27485c44f35f742c7
  glog: e8acf0ebbf99759d3ff18c86c292a5898282dcde
  Google-Maps-iOS-Utils: c32891ff472eaaa1fca032beedafa1a013af7875
  GoogleMaps: c087b8e5dfe87ca6ebf59adb9b4894a4146bec4f
  lottie-ios: 9f24be3ecb13412223b6ac70d97437742b0e3de1
  lottie-react-native: db4bd75685428c4ad0ec2f913145abff3d38b640
  React: 1fe0eb13d90b625d94c3b117c274dcfd2e760e11
  react-native-blur: c35c1f6c2c76db7108bde7ed343bd2b01d64e0c0
  react-native-camera: ec435a5b2498faa288b4574e005d5c1021f18608
  react-native-google-maps: b946d62e25dc66097921ed82520e45b0b081768a
  react-native-image-picker: b303e31c3c4ada1d7cb1342423d328d2efb07fb3
  react-native-image-resizer: 04a3409e7d4ad646c4468671c69dec490def139c
  react-native-maps: 066c2afcc89e18726377bcc685315f989ca22449
  react-native-splash-screen: 8e3f866dc79bfe533baeffd0a38c33f7a7eae7f8
  ReactNativeFabric: 01c1333f76fd4708a5833d71f0a4832a9266bf0f
  ReactNativePermissions: 9f2d9c45c98800795e6c2ed330e25d11a66a8169
  RNFS: bbb1a64eb245763daf34aea86f97c97c4e85f74c
  RNI18n: 46b8694063fbd699f2c06a4dc8e835b3176763b1
  RNVectorIcons: 8c52e1e8da1153613fdef44748e865c25556cb9c
  yoga: b1ce48b6cf950b98deae82838f5173ea7cf89e85

PODFILE CHECKSUM: 394efc528e36689758d40289e3520441fe42b8c6

COCOAPODS: 1.5.3
